// !$*UTF8*$!
{
	archiveVersion = 1;
	classes = {
	};
	objectVersion = 77;
	objects = {

/* Begin PBXBuildFile section */
		7043A9D92F3646AA001B37CE /* FlourApp.swift in Sources */ = {isa = PBXBuildFile; fileRef = 7043A9D82F3646AA001B37CE /* FlourApp.swift */; };
		7043A9EB2F3646DE001B37CE /* ResourcesConfig.example.swift in Sources */ = {isa = PBXBuildFile; fileRef = 7043A9EA2F3646DE001B37CE /* ResourcesConfig.example.swift */; };
		7043A9F32F364703001B37CE /* UtilitiesConstants.swift in Sources */ = {isa = PBXBuildFile; fileRef = 7043A9F22F364703001B37CE /* UtilitiesConstants.swift */; };
		7043A9F52F36471F001B37CE /* SETUP.md in Resources */ = {isa = PBXBuildFile; fileRef = 7043A9F42F36471F001B37CE /* SETUP.md */; };
		7043A9F72F36473D001B37CE /* STATUS.md in Resources */ = {isa = PBXBuildFile; fileRef = 7043A9F62F36473D001B37CE /* STATUS.md */; };
		7043A9F92F364756001B37CE /* XCODE_SETUP.md in Resources */ = {isa = PBXBuildFile; fileRef = 7043A9F82F364756001B37CE /* XCODE_SETUP.md */; };
		7043A9FB2F364771001B37CE /* PHASE1_COMPLETE.md in Resources */ = {isa = PBXBuildFile; fileRef = 7043A9FA2F364771001B37CE /* PHASE1_COMPLETE.md */; };
		7043A9FD2F364780001B37CE /* setup.sh in Resources */ = {isa = PBXBuildFile; fileRef = 7043A9FC2F364780001B37CE /* setup.sh */; };
		7043A9FF2F3647A1001B37CE /* FILE_STRUCTURE.md in Resources */ = {isa = PBXBuildFile; fileRef = 7043A9FE2F3647A1001B37CE /* FILE_STRUCTURE.md */; };
		7043AA042F36A209001B37CE /* ModelsUser.swift in Sources */ = {isa = PBXBuildFile; fileRef = 7043AA032F36A209001B37CE /* ModelsUser.swift */; };
		7043AA062F36A20C001B37CE /* ModelsSchool.swift in Sources */ = {isa = PBXBuildFile; fileRef = 7043AA052F36A20C001B37CE /* ModelsSchool.swift */; };
		7043AA082F36A21E001B37CE /* ModelsRequest.swift in Sources */ = {isa = PBXBuildFile; fileRef = 7043AA072F36A21E001B37CE /* ModelsRequest.swift */; };
		7043AA0A2F36A226001B37CE /* ModelsOffer.swift in Sources */ = {isa = PBXBuildFile; fileRef = 7043AA092F36A226001B37CE /* ModelsOffer.swift */; };
		7043AA0C2F36A234001B37CE /* ModelsTransaction.swift in Sources */ = {isa = PBXBuildFile; fileRef = 7043AA0B2F36A234001B37CE /* ModelsTransaction.swift */; };
		7043AA0E2F36A23D001B37CE /* ModelsMessage.swift in Sources */ = {isa = PBXBuildFile; fileRef = 7043AA0D2F36A23D001B37CE /* ModelsMessage.swift */; };
		7043AA102F36A25A001B37CE /* ModelsMockData.swift in Sources */ = {isa = PBXBuildFile; fileRef = 7043AA0F2F36A25A001B37CE /* ModelsMockData.swift */; };
		7043AA122F36A2A1001B37CE /* PHASE2_COMPLETE.md in Resources */ = {isa = PBXBuildFile; fileRef = 7043AA112F36A2A1001B37CE /* PHASE2_COMPLETE.md */; };
		7043AA142F36A2B4001B37CE /* ViewsModelTestView.swift in Sources */ = {isa = PBXBuildFile; fileRef = 7043AA132F36A2B4001B37CE /* ViewsModelTestView.swift */; };
		7043AA162F36B000001B37CE /* ContentView.swift in Sources */ = {isa = PBXBuildFile; fileRef = 7043AA152F36B000001B37CE /* ContentView.swift */; };
		7043AA1F2F37FD45001B37CE /* FirebaseAI in Frameworks */ = {isa = PBXBuildFile; productRef = 7043AA1E2F37FD45001B37CE /* FirebaseAI */; };
		7043AA212F37FD45001B37CE /* FirebaseAILogic in Frameworks */ = {isa = PBXBuildFile; productRef = 7043AA202F37FD45001B37CE /* FirebaseAILogic */; };
		7043AA232F37FD45001B37CE /* FirebaseAnalytics in Frameworks */ = {isa = PBXBuildFile; productRef = 7043AA222F37FD45001B37CE /* FirebaseAnalytics */; };
		7043AA252F37FD45001B37CE /* FirebaseAnalyticsCore in Frameworks */ = {isa = PBXBuildFile; productRef = 7043AA242F37FD45001B37CE /* FirebaseAnalyticsCore */; };
		7043AA272F37FD45001B37CE /* FirebaseAnalyticsIdentitySupport in Frameworks */ = {isa = PBXBuildFile; productRef = 7043AA262F37FD45001B37CE /* FirebaseAnalyticsIdentitySupport */; };
		7043AA292F37FD45001B37CE /* FirebaseAppCheck in Frameworks */ = {isa = PBXBuildFile; productRef = 7043AA282F37FD45001B37CE /* FirebaseAppCheck */; };
		7043AA2B2F37FD45001B37CE /* FirebaseAppDistribution-Beta in Frameworks */ = {isa = PBXBuildFile; productRef = 7043AA2A2F37FD45001B37CE /* FirebaseAppDistribution-Beta */; };
		7043AA2D2F37FD45001B37CE /* FirebaseAuthCombine-Community in Frameworks */ = {isa = PBXBuildFile; productRef = 7043AA2C2F37FD45001B37CE /* FirebaseAuthCombine-Community */; };
		7043AA2F2F37FD45001B37CE /* FirebaseCrashlytics in Frameworks */ = {isa = PBXBuildFile; productRef = 7043AA2E2F37FD45001B37CE /* FirebaseCrashlytics */; };
		7043AA312F37FD45001B37CE /* FirebaseDatabase in Frameworks */ = {isa = PBXBuildFile; productRef = 7043AA302F37FD45001B37CE /* FirebaseDatabase */; };
		7043AA332F37FD45001B37CE /* FirebaseFirestoreCombine-Community in Frameworks */ = {isa = PBXBuildFile; productRef = 7043AA322F37FD45001B37CE /* FirebaseFirestoreCombine-Community */; };
		7043AA352F37FD45001B37CE /* FirebaseFunctions in Frameworks */ = {isa = PBXBuildFile; productRef = 7043AA342F37FD45001B37CE /* FirebaseFunctions */; };
		7043AA372F37FD45001B37CE /* FirebaseFunctionsCombine-Community in Frameworks */ = {isa = PBXBuildFile; productRef = 7043AA362F37FD45001B37CE /* FirebaseFunctionsCombine-Community */; };
		7043AA392F37FD45001B37CE /* FirebaseInAppMessaging-Beta in Frameworks */ = {isa = PBXBuildFile; productRef = 7043AA382F37FD45001B37CE /* FirebaseInAppMessaging-Beta */; };
		7043AA3B2F37FD45001B37CE /* FirebaseInstallations in Frameworks */ = {isa = PBXBuildFile; productRef = 7043AA3A2F37FD45001B37CE /* FirebaseInstallations */; };
		7043AA3D2F37FD45001B37CE /* FirebaseMLModelDownloader in Frameworks */ = {isa = PBXBuildFile; productRef = 7043AA3C2F37FD45001B37CE /* FirebaseMLModelDownloader */; };
		7043AA3F2F37FD45001B37CE /* FirebasePerformance in Frameworks */ = {isa = PBXBuildFile; productRef = 7043AA3E2F37FD45001B37CE /* FirebasePerformance */; };
		7043AA412F37FD45001B37CE /* FirebaseRemoteConfig in Frameworks */ = {isa = PBXBuildFile; productRef = 7043AA402F37FD45001B37CE /* FirebaseRemoteConfig */; };
		7043AA432F37FD45001B37CE /* FirebaseStorage in Frameworks */ = {isa = PBXBuildFile; productRef = 7043AA422F37FD45001B37CE /* FirebaseStorage */; };
		7043AA452F37FD45001B37CE /* FirebaseStorageCombine-Community in Frameworks */ = {isa = PBXBuildFile; productRef = 7043AA442F37FD45001B37CE /* FirebaseStorageCombine-Community */; };
		7043AA492F37FDBA001B37CE /* ViewsPaymentView.swift in Sources */ = {isa = PBXBuildFile; fileRef = 7043AA472F37FDBA001B37CE /* ViewsPaymentView.swift */; };
		7043AA4A2F37FDBA001B37CE /* ViewsSellerOnboardingView.swift in Sources */ = {isa = PBXBuildFile; fileRef = 7043AA482F37FDBA001B37CE /* ViewsSellerOnboardingView.swift */; };
		7043AA4B2F37FDBA001B37CE /* ServicesStripeService.swift in Sources */ = {isa = PBXBuildFile; fileRef = 7043AA462F37FDBA001B37CE /* ServicesStripeService.swift */; };
		7043AA4D2F380431001B37CE /* ServicesFirestoreService.swift in Sources */ = {isa = PBXBuildFile; fileRef = 7043AA4C2F380431001B37CE /* ServicesFirestoreService.swift */; };
		70FE7E4A2F35955800045277 /* CLAUDE.md in Resources */ = {isa = PBXBuildFile; fileRef = 70FE7E492F35955800045277 /* CLAUDE.md */; };
		70FE7E4C2F35965E00045277 /* README.md in Resources */ = {isa = PBXBuildFile; fileRef = 70FE7E4B2F35965E00045277 /* README.md */; };
		70FE7E4E2F35965E00045277 /* .gitignore in Resources */ = {isa = PBXBuildFile; fileRef = 70FE7E4D2F35965E00045277 /* .gitignore */; };
		70FE7E502F35965F00045277 /* LICENSE in Resources */ = {isa = PBXBuildFile; fileRef = 70FE7E4F2F35965F00045277 /* LICENSE */; };
		C100000000000001000000A1 /* ServicesAppState.swift in Sources */ = {isa = PBXBuildFile; fileRef = C100000000000001000000A0 /* ServicesAppState.swift */; };
		C100000000000003000000A1 /* ServicesLocationService.swift in Sources */ = {isa = PBXBuildFile; fileRef = C100000000000003000000A0 /* ServicesLocationService.swift */; };
		C100000000000005000000A1 /* ViewsOnboardingWelcomeView.swift in Sources */ = {isa = PBXBuildFile; fileRef = C100000000000005000000A0 /* ViewsOnboardingWelcomeView.swift */; };
		C100000000000007000000A1 /* ViewsOnboardingEmailView.swift in Sources */ = {isa = PBXBuildFile; fileRef = C100000000000007000000A0 /* ViewsOnboardingEmailView.swift */; };
		C100000000000009000000A1 /* ViewsOnboardingProfileSetupView.swift in Sources */ = {isa = PBXBuildFile; fileRef = C100000000000009000000A0 /* ViewsOnboardingProfileSetupView.swift */; };
		C10000000000000B000000A1 /* ViewsRootView.swift in Sources */ = {isa = PBXBuildFile; fileRef = C10000000000000B000000A0 /* ViewsRootView.swift */; };
		C10000000000000D000000A1 /* ViewsMainTabView.swift in Sources */ = {isa = PBXBuildFile; fileRef = C10000000000000D000000A0 /* ViewsMainTabView.swift */; };
		C10000000000000F000000A1 /* ViewsMapView.swift in Sources */ = {isa = PBXBuildFile; fileRef = C10000000000000F000000A0 /* ViewsMapView.swift */; };
		C100000000000011000000A1 /* ViewsCreateRequestView.swift in Sources */ = {isa = PBXBuildFile; fileRef = C100000000000011000000A0 /* ViewsCreateRequestView.swift */; };
		C100000000000013000000A1 /* SharedRequestCard.swift in Sources */ = {isa = PBXBuildFile; fileRef = C100000000000013000000A0 /* SharedRequestCard.swift */; };
		C100000000000015000000A1 /* ViewsFeedView.swift in Sources */ = {isa = PBXBuildFile; fileRef = C100000000000015000000A0 /* ViewsFeedView.swift */; };
		C100000000000017000000A1 /* ViewsActivityView.swift in Sources */ = {isa = PBXBuildFile; fileRef = C100000000000017000000A0 /* ViewsActivityView.swift */; };
		C100000000000019000000A1 /* ViewsRequestDetailView.swift in Sources */ = {isa = PBXBuildFile; fileRef = C100000000000019000000A0 /* ViewsRequestDetailView.swift */; };
		C10000000000001B000000A1 /* ViewsOfferSheet.swift in Sources */ = {isa = PBXBuildFile; fileRef = C10000000000001B000000A0 /* ViewsOfferSheet.swift */; };
		C10000000000001D000000A1 /* ViewsNegotiationHistoryView.swift in Sources */ = {isa = PBXBuildFile; fileRef = C10000000000001D000000A0 /* ViewsNegotiationHistoryView.swift */; };
		C10000000000001F000000A1 /* ViewsChatView.swift in Sources */ = {isa = PBXBuildFile; fileRef = C10000000000001F000000A0 /* ViewsChatView.swift */; };
		C100000000000021000000A1 /* ViewsChatListView.swift in Sources */ = {isa = PBXBuildFile; fileRef = C100000000000021000000A0 /* ViewsChatListView.swift */; };
		C100000000000023000000A1 /* SharedFeeBreakdownView.swift in Sources */ = {isa = PBXBuildFile; fileRef = C100000000000023000000A0 /* SharedFeeBreakdownView.swift */; };
		C100000000000025000000A1 /* ViewsCompletionView.swift in Sources */ = {isa = PBXBuildFile; fileRef = C100000000000025000000A0 /* ViewsCompletionView.swift */; };
		C100000000000027000000A1 /* ViewsProfileView.swift in Sources */ = {isa = PBXBuildFile; fileRef = C100000000000027000000A0 /* ViewsProfileView.swift */; };
		C100000000000029000000A1 /* ViewsSettingsView.swift in Sources */ = {isa = PBXBuildFile; fileRef = C100000000000029000000A0 /* ViewsSettingsView.swift */; };
		C10000000000002B000000A1 /* ViewsTransactionHistoryView.swift in Sources */ = {isa = PBXBuildFile; fileRef = C10000000000002B000000A0 /* ViewsTransactionHistoryView.swift */; };
		C10000000000002D000000A1 /* GoogleService-Info.plist in Resources */ = {isa = PBXBuildFile; fileRef = C10000000000002D000000A0 /* GoogleService-Info.plist */; };
		C10000000000002F000000A1 /* FirebaseCore in Frameworks */ = {isa = PBXBuildFile; productRef = C10000000000002F000000A0 /* FirebaseCore */; };
		C100000000000031000000A1 /* FirebaseAuth in Frameworks */ = {isa = PBXBuildFile; productRef = C100000000000031000000A0 /* FirebaseAuth */; };
		C100000000000033000000A1 /* FirebaseFirestore in Frameworks */ = {isa = PBXBuildFile; productRef = C100000000000033000000A0 /* FirebaseFirestore */; };
		C100000000000035000000A1 /* FirebaseMessaging in Frameworks */ = {isa = PBXBuildFile; productRef = C100000000000035000000A0 /* FirebaseMessaging */; };
		C100000000000037000000A1 /* ServicesAuthService.swift in Sources */ = {isa = PBXBuildFile; fileRef = C100000000000037000000A0 /* ServicesAuthService.swift */; };
		C100000000000039000000A1 /* ViewsOnboardingSignInView.swift in Sources */ = {isa = PBXBuildFile; fileRef = C100000000000039000000A0 /* ViewsOnboardingSignInView.swift */; };
/* End PBXBuildFile section */

/* Begin PBXFileReference section */
		7043A9D82F3646AA001B37CE /* FlourApp.swift */ = {isa = PBXFileReference; lastKnownFileType = sourcecode.swift; path = FlourApp.swift; sourceTree = "<group>"; };
		7043A9EA2F3646DE001B37CE /* ResourcesConfig.example.swift */ = {isa = PBXFileReference; lastKnownFileType = sourcecode.swift; path = ResourcesConfig.example.swift; sourceTree = "<group>"; };
		7043A9F02F3646F4001B37CE /* Info.plist */ = {isa = PBXFileReference; lastKnownFileType = text.plist.xml; path = Info.plist; sourceTree = "<group>"; };
		7043A9F22F364703001B37CE /* UtilitiesConstants.swift */ = {isa = PBXFileReference; lastKnownFileType = sourcecode.swift; path = UtilitiesConstants.swift; sourceTree = "<group>"; };
		7043A9F42F36471F001B37CE /* SETUP.md */ = {isa = PBXFileReference; lastKnownFileType = net.daringfireball.markdown; path = SETUP.md; sourceTree = "<group>"; };
		7043A9F62F36473D001B37CE /* STATUS.md */ = {isa = PBXFileReference; lastKnownFileType = net.daringfireball.markdown; path = STATUS.md; sourceTree = "<group>"; };
		7043A9F82F364756001B37CE /* XCODE_SETUP.md */ = {isa = PBXFileReference; lastKnownFileType = net.daringfireball.markdown; path = XCODE_SETUP.md; sourceTree = "<group>"; };
		7043A9FA2F364771001B37CE /* PHASE1_COMPLETE.md */ = {isa = PBXFileReference; lastKnownFileType = net.daringfireball.markdown; path = PHASE1_COMPLETE.md; sourceTree = "<group>"; };
		7043A9FC2F364780001B37CE /* setup.sh */ = {isa = PBXFileReference; lastKnownFileType = text.script.sh; path = setup.sh; sourceTree = "<group>"; };
		7043A9FE2F3647A1001B37CE /* FILE_STRUCTURE.md */ = {isa = PBXFileReference; lastKnownFileType = net.daringfireball.markdown; path = FILE_STRUCTURE.md; sourceTree = "<group>"; };
		7043AA032F36A209001B37CE /* ModelsUser.swift */ = {isa = PBXFileReference; lastKnownFileType = sourcecode.swift; path = ModelsUser.swift; sourceTree = "<group>"; };
		7043AA052F36A20C001B37CE /* ModelsSchool.swift */ = {isa = PBXFileReference; lastKnownFileType = sourcecode.swift; path = ModelsSchool.swift; sourceTree = "<group>"; };
		7043AA072F36A21E001B37CE /* ModelsRequest.swift */ = {isa = PBXFileReference; lastKnownFileType = sourcecode.swift; path = ModelsRequest.swift; sourceTree = "<group>"; };
		7043AA092F36A226001B37CE /* ModelsOffer.swift */ = {isa = PBXFileReference; lastKnownFileType = sourcecode.swift; path = ModelsOffer.swift; sourceTree = "<group>"; };
		7043AA0B2F36A234001B37CE /* ModelsTransaction.swift */ = {isa = PBXFileReference; lastKnownFileType = sourcecode.swift; path = ModelsTransaction.swift; sourceTree = "<group>"; };
		7043AA0D2F36A23D001B37CE /* ModelsMessage.swift */ = {isa = PBXFileReference; lastKnownFileType = sourcecode.swift; path = ModelsMessage.swift; sourceTree = "<group>"; };
		7043AA0F2F36A25A001B37CE /* ModelsMockData.swift */ = {isa = PBXFileReference; lastKnownFileType = sourcecode.swift; path = ModelsMockData.swift; sourceTree = "<group>"; };
		7043AA112F36A2A1001B37CE /* PHASE2_COMPLETE.md */ = {isa = PBXFileReference; lastKnownFileType = net.daringfireball.markdown; path = PHASE2_COMPLETE.md; sourceTree = "<group>"; };
		7043AA132F36A2B4001B37CE /* ViewsModelTestView.swift */ = {isa = PBXFileReference; lastKnownFileType = sourcecode.swift; path = ViewsModelTestView.swift; sourceTree = "<group>"; };
		7043AA152F36B000001B37CE /* ContentView.swift */ = {isa = PBXFileReference; lastKnownFileType = sourcecode.swift; path = ContentView.swift; sourceTree = "<group>"; };
		7043AA462F37FDBA001B37CE /* ServicesStripeService.swift */ = {isa = PBXFileReference; lastKnownFileType = sourcecode.swift; path = ServicesStripeService.swift; sourceTree = "<group>"; };
		7043AA472F37FDBA001B37CE /* ViewsPaymentView.swift */ = {isa = PBXFileReference; lastKnownFileType = sourcecode.swift; path = ViewsPaymentView.swift; sourceTree = "<group>"; };
		7043AA482F37FDBA001B37CE /* ViewsSellerOnboardingView.swift */ = {isa = PBXFileReference; lastKnownFileType = sourcecode.swift; path = ViewsSellerOnboardingView.swift; sourceTree = "<group>"; };
		7043AA4C2F380431001B37CE /* ServicesFirestoreService.swift */ = {isa = PBXFileReference; lastKnownFileType = sourcecode.swift; path = ServicesFirestoreService.swift; sourceTree = "<group>"; };
		70FE7E352F35938700045277 /* Flour_mach2.app */ = {isa = PBXFileReference; explicitFileType = wrapper.application; includeInIndex = 0; path = Flour_mach2.app; sourceTree = BUILT_PRODUCTS_DIR; };
		70FE7E492F35955800045277 /* CLAUDE.md */ = {isa = PBXFileReference; lastKnownFileType = net.daringfireball.markdown; path = CLAUDE.md; sourceTree = "<group>"; };
		70FE7E4B2F35965E00045277 /* README.md */ = {isa = PBXFileReference; lastKnownFileType = net.daringfireball.markdown; path = README.md; sourceTree = "<group>"; };
		70FE7E4D2F35965E00045277 /* .gitignore */ = {isa = PBXFileReference; lastKnownFileType = text; path = .gitignore; sourceTree = "<group>"; };
		70FE7E4F2F35965F00045277 /* LICENSE */ = {isa = PBXFileReference; lastKnownFileType = text; path = LICENSE; sourceTree = "<group>"; };
		C100000000000001000000A0 /* ServicesAppState.swift */ = {isa = PBXFileReference; lastKnownFileType = sourcecode.swift; path = ServicesAppState.swift; sourceTree = "<group>"; };
		C100000000000003000000A0 /* ServicesLocationService.swift */ = {isa = PBXFileReference; lastKnownFileType = sourcecode.swift; path = ServicesLocationService.swift; sourceTree = "<group>"; };
		C100000000000005000000A0 /* ViewsOnboardingWelcomeView.swift */ = {isa = PBXFileReference; lastKnownFileType = sourcecode.swift; path = ViewsOnboardingWelcomeView.swift; sourceTree = "<group>"; };
		C100000000000007000000A0 /* ViewsOnboardingEmailView.swift */ = {isa = PBXFileReference; lastKnownFileType = sourcecode.swift; path = ViewsOnboardingEmailView.swift; sourceTree = "<group>"; };
		C100000000000009000000A0 /* ViewsOnboardingProfileSetupView.swift */ = {isa = PBXFileReference; lastKnownFileType = sourcecode.swift; path = ViewsOnboardingProfileSetupView.swift; sourceTree = "<group>"; };
		C10000000000000B000000A0 /* ViewsRootView.swift */ = {isa = PBXFileReference; lastKnownFileType = sourcecode.swift; path = ViewsRootView.swift; sourceTree = "<group>"; };
		C10000000000000D000000A0 /* ViewsMainTabView.swift */ = {isa = PBXFileReference; lastKnownFileType = sourcecode.swift; path = ViewsMainTabView.swift; sourceTree = "<group>"; };
		C10000000000000F000000A0 /* ViewsMapView.swift */ = {isa = PBXFileReference; lastKnownFileType = sourcecode.swift; path = ViewsMapView.swift; sourceTree = "<group>"; };
		C100000000000011000000A0 /* ViewsCreateRequestView.swift */ = {isa = PBXFileReference; lastKnownFileType = sourcecode.swift; path = ViewsCreateRequestView.swift; sourceTree = "<group>"; };
		C100000000000013000000A0 /* SharedRequestCard.swift */ = {isa = PBXFileReference; lastKnownFileType = sourcecode.swift; path = SharedRequestCard.swift; sourceTree = "<group>"; };
		C100000000000015000000A0 /* ViewsFeedView.swift */ = {isa = PBXFileReference; lastKnownFileType = sourcecode.swift; path = ViewsFeedView.swift; sourceTree = "<group>"; };
		C100000000000017000000A0 /* ViewsActivityView.swift */ = {isa = PBXFileReference; lastKnownFileType = sourcecode.swift; path = ViewsActivityView.swift; sourceTree = "<group>"; };
		C100000000000019000000A0 /* ViewsRequestDetailView.swift */ = {isa = PBXFileReference; lastKnownFileType = sourcecode.swift; path = ViewsRequestDetailView.swift; sourceTree = "<group>"; };
		C10000000000001B000000A0 /* ViewsOfferSheet.swift */ = {isa = PBXFileReference; lastKnownFileType = sourcecode.swift; path = ViewsOfferSheet.swift; sourceTree = "<group>"; };
		C10000000000001D000000A0 /* ViewsNegotiationHistoryView.swift */ = {isa = PBXFileReference; lastKnownFileType = sourcecode.swift; path = ViewsNegotiationHistoryView.swift; sourceTree = "<group>"; };
		C10000000000001F000000A0 /* ViewsChatView.swift */ = {isa = PBXFileReference; lastKnownFileType = sourcecode.swift; path = ViewsChatView.swift; sourceTree = "<group>"; };
		C100000000000021000000A0 /* ViewsChatListView.swift */ = {isa = PBXFileReference; lastKnownFileType = sourcecode.swift; path = ViewsChatListView.swift; sourceTree = "<group>"; };
		C100000000000023000000A0 /* SharedFeeBreakdownView.swift */ = {isa = PBXFileReference; lastKnownFileType = sourcecode.swift; path = SharedFeeBreakdownView.swift; sourceTree = "<group>"; };
		C100000000000025000000A0 /* ViewsCompletionView.swift */ = {isa = PBXFileReference; lastKnownFileType = sourcecode.swift; path = ViewsCompletionView.swift; sourceTree = "<group>"; };
		C100000000000027000000A0 /* ViewsProfileView.swift */ = {isa = PBXFileReference; lastKnownFileType = sourcecode.swift; path = ViewsProfileView.swift; sourceTree = "<group>"; };
		C100000000000029000000A0 /* ViewsSettingsView.swift */ = {isa = PBXFileReference; lastKnownFileType = sourcecode.swift; path = ViewsSettingsView.swift; sourceTree = "<group>"; };
		C10000000000002B000000A0 /* ViewsTransactionHistoryView.swift */ = {isa = PBXFileReference; lastKnownFileType = sourcecode.swift; path = ViewsTransactionHistoryView.swift; sourceTree = "<group>"; };
		C10000000000002D000000A0 /* GoogleService-Info.plist */ = {isa = PBXFileReference; lastKnownFileType = text.plist.xml; path = "GoogleService-Info.plist"; sourceTree = "<group>"; };
		C100000000000037000000A0 /* ServicesAuthService.swift */ = {isa = PBXFileReference; lastKnownFileType = sourcecode.swift; path = ServicesAuthService.swift; sourceTree = "<group>"; };
		C100000000000039000000A0 /* ViewsOnboardingSignInView.swift */ = {isa = PBXFileReference; lastKnownFileType = sourcecode.swift; path = ViewsOnboardingSignInView.swift; sourceTree = "<group>"; };
/* End PBXFileReference section */

/* Begin PBXFileSystemSynchronizedRootGroup section */
		70FE7E372F35938700045277 /* Flour_mach2 */ = {
			isa = PBXFileSystemSynchronizedRootGroup;
			path = Flour_mach2;
			sourceTree = "<group>";
		};
/* End PBXFileSystemSynchronizedRootGroup section */

/* Begin PBXFrameworksBuildPhase section */
		70FE7E322F35938700045277 /* Frameworks */ = {
			isa = PBXFrameworksBuildPhase;
			buildActionMask = 2147483647;
			files = (
				7043AA232F37FD45001B37CE /* FirebaseAnalytics in Frameworks */,
				7043AA372F37FD45001B37CE /* FirebaseFunctionsCombine-Community in Frameworks */,
				7043AA212F37FD45001B37CE /* FirebaseAILogic in Frameworks */,
				7043AA272F37FD45001B37CE /* FirebaseAnalyticsIdentitySupport in Frameworks */,
				7043AA332F37FD45001B37CE /* FirebaseFirestoreCombine-Community in Frameworks */,
				7043AA1F2F37FD45001B37CE /* FirebaseAI in Frameworks */,
				C10000000000002F000000A1 /* FirebaseCore in Frameworks */,
				7043AA3D2F37FD45001B37CE /* FirebaseMLModelDownloader in Frameworks */,
				C100000000000031000000A1 /* FirebaseAuth in Frameworks */,
				7043AA3B2F37FD45001B37CE /* FirebaseInstallations in Frameworks */,
				7043AA452F37FD45001B37CE /* FirebaseStorageCombine-Community in Frameworks */,
				C100000000000033000000A1 /* FirebaseFirestore in Frameworks */,
				7043AA432F37FD45001B37CE /* FirebaseStorage in Frameworks */,
				7043AA412F37FD45001B37CE /* FirebaseRemoteConfig in Frameworks */,
				7043AA2D2F37FD45001B37CE /* FirebaseAuthCombine-Community in Frameworks */,
				C100000000000035000000A1 /* FirebaseMessaging in Frameworks */,
				7043AA392F37FD45001B37CE /* FirebaseInAppMessaging-Beta in Frameworks */,
				7043AA3F2F37FD45001B37CE /* FirebasePerformance in Frameworks */,
				7043AA2F2F37FD45001B37CE /* FirebaseCrashlytics in Frameworks */,
				7043AA352F37FD45001B37CE /* FirebaseFunctions in Frameworks */,
				7043AA292F37FD45001B37CE /* FirebaseAppCheck in Frameworks */,
				7043AA2B2F37FD45001B37CE /* FirebaseAppDistribution-Beta in Frameworks */,
				7043AA312F37FD45001B37CE /* FirebaseDatabase in Frameworks */,
				7043AA252F37FD45001B37CE /* FirebaseAnalyticsCore in Frameworks */,
			);
			runOnlyForDeploymentPostprocessing = 0;
		};
/* End PBXFrameworksBuildPhase section */

/* Begin PBXGroup section */
		7043AA1D2F37FD45001B37CE /* Frameworks */ = {
			isa = PBXGroup;
			children = (
			);
			name = Frameworks;
			sourceTree = "<group>";
		};
		70FE7E2C2F35938700045277 = {
			isa = PBXGroup;
			children = (
				7043AA4C2F380431001B37CE /* ServicesFirestoreService.swift */,
				7043AA462F37FDBA001B37CE /* ServicesStripeService.swift */,
				7043AA472F37FDBA001B37CE /* ViewsPaymentView.swift */,
				7043AA482F37FDBA001B37CE /* ViewsSellerOnboardingView.swift */,
				70FE7E372F35938700045277 /* Flour_mach2 */,
				70FE7E362F35938700045277 /* Products */,
				70FE7E492F35955800045277 /* CLAUDE.md */,
				70FE7E4B2F35965E00045277 /* README.md */,
				70FE7E4D2F35965E00045277 /* .gitignore */,
				70FE7E4F2F35965F00045277 /* LICENSE */,
				7043A9D82F3646AA001B37CE /* FlourApp.swift */,
				7043AA152F36B000001B37CE /* ContentView.swift */,
				7043A9EA2F3646DE001B37CE /* ResourcesConfig.example.swift */,
				7043A9F02F3646F4001B37CE /* Info.plist */,
				C10000000000002D000000A0 /* GoogleService-Info.plist */,
				7043A9F22F364703001B37CE /* UtilitiesConstants.swift */,
				7043A9F42F36471F001B37CE /* SETUP.md */,
				7043A9F62F36473D001B37CE /* STATUS.md */,
				7043A9F82F364756001B37CE /* XCODE_SETUP.md */,
				7043A9FA2F364771001B37CE /* PHASE1_COMPLETE.md */,
				7043A9FC2F364780001B37CE /* setup.sh */,
				7043A9FE2F3647A1001B37CE /* FILE_STRUCTURE.md */,
				7043AA032F36A209001B37CE /* ModelsUser.swift */,
				7043AA052F36A20C001B37CE /* ModelsSchool.swift */,
				7043AA072F36A21E001B37CE /* ModelsRequest.swift */,
				7043AA092F36A226001B37CE /* ModelsOffer.swift */,
				7043AA0B2F36A234001B37CE /* ModelsTransaction.swift */,
				7043AA0D2F36A23D001B37CE /* ModelsMessage.swift */,
				7043AA0F2F36A25A001B37CE /* ModelsMockData.swift */,
				7043AA112F36A2A1001B37CE /* PHASE2_COMPLETE.md */,
				7043AA132F36A2B4001B37CE /* ViewsModelTestView.swift */,
				C100000000000001000000A0 /* ServicesAppState.swift */,
				C100000000000003000000A0 /* ServicesLocationService.swift */,
				C100000000000005000000A0 /* ViewsOnboardingWelcomeView.swift */,
				C100000000000007000000A0 /* ViewsOnboardingEmailView.swift */,
				C100000000000009000000A0 /* ViewsOnboardingProfileSetupView.swift */,
				C10000000000000B000000A0 /* ViewsRootView.swift */,
				C10000000000000D000000A0 /* ViewsMainTabView.swift */,
				C10000000000000F000000A0 /* ViewsMapView.swift */,
				C100000000000011000000A0 /* ViewsCreateRequestView.swift */,
				C100000000000013000000A0 /* SharedRequestCard.swift */,
				C100000000000015000000A0 /* ViewsFeedView.swift */,
				C100000000000017000000A0 /* ViewsActivityView.swift */,
				C100000000000019000000A0 /* ViewsRequestDetailView.swift */,
				C10000000000001B000000A0 /* ViewsOfferSheet.swift */,
				C10000000000001D000000A0 /* ViewsNegotiationHistoryView.swift */,
				C10000000000001F000000A0 /* ViewsChatView.swift */,
				C100000000000021000000A0 /* ViewsChatListView.swift */,
				C100000000000023000000A0 /* SharedFeeBreakdownView.swift */,
				C100000000000025000000A0 /* ViewsCompletionView.swift */,
				C100000000000027000000A0 /* ViewsProfileView.swift */,
				C100000000000029000000A0 /* ViewsSettingsView.swift */,
				C10000000000002B000000A0 /* ViewsTransactionHistoryView.swift */,
				C100000000000037000000A0 /* ServicesAuthService.swift */,
				C100000000000039000000A0 /* ViewsOnboardingSignInView.swift */,
				7043AA1D2F37FD45001B37CE /* Frameworks */,
			);
			sourceTree = "<group>";
		};
		70FE7E362F35938700045277 /* Products */ = {
			isa = PBXGroup;
			children = (
				70FE7E352F35938700045277 /* Flour_mach2.app */,
			);
			name = Products;
			sourceTree = "<group>";
		};
/* End PBXGroup section */

/* Begin PBXNativeTarget section */
		70FE7E342F35938700045277 /* Flour_mach2 */ = {
			isa = PBXNativeTarget;
			buildConfigurationList = 70FE7E402F35938D00045277 /* Build configuration list for PBXNativeTarget "Flour_mach2" */;
			buildPhases = (
				70FE7E312F35938700045277 /* Sources */,
				70FE7E322F35938700045277 /* Frameworks */,
				70FE7E332F35938700045277 /* Resources */,
			);
			buildRules = (
			);
			dependencies = (
			);
			fileSystemSynchronizedGroups = (
				70FE7E372F35938700045277 /* Flour_mach2 */,
			);
			name = Flour_mach2;
			packageProductDependencies = (
				C10000000000002F000000A0 /* FirebaseCore */,
				C100000000000031000000A0 /* FirebaseAuth */,
				C100000000000033000000A0 /* FirebaseFirestore */,
				C100000000000035000000A0 /* FirebaseMessaging */,
				7043AA1E2F37FD45001B37CE /* FirebaseAI */,
				7043AA202F37FD45001B37CE /* FirebaseAILogic */,
				7043AA222F37FD45001B37CE /* FirebaseAnalytics */,
				7043AA242F37FD45001B37CE /* FirebaseAnalyticsCore */,
				7043AA262F37FD45001B37CE /* FirebaseAnalyticsIdentitySupport */,
				7043AA282F37FD45001B37CE /* FirebaseAppCheck */,
				7043AA2A2F37FD45001B37CE /* FirebaseAppDistribution-Beta */,
				7043AA2C2F37FD45001B37CE /* FirebaseAuthCombine-Community */,
				7043AA2E2F37FD45001B37CE /* FirebaseCrashlytics */,
				7043AA302F37FD45001B37CE /* FirebaseDatabase */,
				7043AA322F37FD45001B37CE /* FirebaseFirestoreCombine-Community */,
				7043AA342F37FD45001B37CE /* FirebaseFunctions */,
				7043AA362F37FD45001B37CE /* FirebaseFunctionsCombine-Community */,
				7043AA382F37FD45001B37CE /* FirebaseInAppMessaging-Beta */,
				7043AA3A2F37FD45001B37CE /* FirebaseInstallations */,
				7043AA3C2F37FD45001B37CE /* FirebaseMLModelDownloader */,
				7043AA3E2F37FD45001B37CE /* FirebasePerformance */,
				7043AA402F37FD45001B37CE /* FirebaseRemoteConfig */,
				7043AA422F37FD45001B37CE /* FirebaseStorage */,
				7043AA442F37FD45001B37CE /* FirebaseStorageCombine-Community */,
			);
			productName = Flour_mach2;
			productReference = 70FE7E352F35938700045277 /* Flour_mach2.app */;
			productType = "com.apple.product-type.application";
		};
/* End PBXNativeTarget section */

/* Begin PBXProject section */
		70FE7E2D2F35938700045277 /* Project object */ = {
			isa = PBXProject;
			attributes = {
				BuildIndependentTargetsInParallel = 1;
				LastSwiftUpdateCheck = 2620;
				LastUpgradeCheck = 2620;
				TargetAttributes = {
					70FE7E342F35938700045277 = {
						CreatedOnToolsVersion = 26.2;
					};
				};
			};
			buildConfigurationList = 70FE7E302F35938700045277 /* Build configuration list for PBXProject "Flour_mach2" */;
			developmentRegion = en;
			hasScannedForEncodings = 0;
			knownRegions = (
				en,
				Base,
			);
			mainGroup = 70FE7E2C2F35938700045277;
			minimizedProjectReferenceProxies = 1;
			packageReferences = (
				7043AA152F370106001B37CE /* XCRemoteSwiftPackageReference "firebase-ios-sdk" */,
			);
			preferredProjectObjectVersion = 77;
			productRefGroup = 70FE7E362F35938700045277 /* Products */;
			projectDirPath = "";
			projectRoot = "";
			targets = (
				70FE7E342F35938700045277 /* Flour_mach2 */,
			);
		};
/* End PBXProject section */

/* Begin PBXResourcesBuildPhase section */
		70FE7E332F35938700045277 /* Resources */ = {
			isa = PBXResourcesBuildPhase;
			buildActionMask = 2147483647;
			files = (
				7043A9F52F36471F001B37CE /* SETUP.md in Resources */,
				70FE7E4E2F35965E00045277 /* .gitignore in Resources */,
				70FE7E4C2F35965E00045277 /* README.md in Resources */,
				7043A9F92F364756001B37CE /* XCODE_SETUP.md in Resources */,
				70FE7E4A2F35955800045277 /* CLAUDE.md in Resources */,
				7043A9FD2F364780001B37CE /* setup.sh in Resources */,
				70FE7E502F35965F00045277 /* LICENSE in Resources */,
				7043A9F72F36473D001B37CE /* STATUS.md in Resources */,
				7043A9FF2F3647A1001B37CE /* FILE_STRUCTURE.md in Resources */,
				7043AA122F36A2A1001B37CE /* PHASE2_COMPLETE.md in Resources */,
				7043A9FB2F364771001B37CE /* PHASE1_COMPLETE.md in Resources */,
				C10000000000002D000000A1 /* GoogleService-Info.plist in Resources */,
			);
			runOnlyForDeploymentPostprocessing = 0;
		};
/* End PBXResourcesBuildPhase section */

/* Begin PBXSourcesBuildPhase section */
		70FE7E312F35938700045277 /* Sources */ = {
			isa = PBXSourcesBuildPhase;
			buildActionMask = 2147483647;
			files = (
				7043A9F32F364703001B37CE /* UtilitiesConstants.swift in Sources */,
				7043AA142F36A2B4001B37CE /* ViewsModelTestView.swift in Sources */,
				7043A9EB2F3646DE001B37CE /* ResourcesConfig.example.swift in Sources */,
				7043AA042F36A209001B37CE /* ModelsUser.swift in Sources */,
				7043AA0C2F36A234001B37CE /* ModelsTransaction.swift in Sources */,
				7043AA0E2F36A23D001B37CE /* ModelsMessage.swift in Sources */,
				7043AA082F36A21E001B37CE /* ModelsRequest.swift in Sources */,
				7043A9D92F3646AA001B37CE /* FlourApp.swift in Sources */,
				7043AA162F36B000001B37CE /* ContentView.swift in Sources */,
				7043AA062F36A20C001B37CE /* ModelsSchool.swift in Sources */,
				7043AA102F36A25A001B37CE /* ModelsMockData.swift in Sources */,
				7043AA0A2F36A226001B37CE /* ModelsOffer.swift in Sources */,
				C100000000000001000000A1 /* ServicesAppState.swift in Sources */,
				C100000000000003000000A1 /* ServicesLocationService.swift in Sources */,
				C100000000000005000000A1 /* ViewsOnboardingWelcomeView.swift in Sources */,
				C100000000000007000000A1 /* ViewsOnboardingEmailView.swift in Sources */,
				C100000000000009000000A1 /* ViewsOnboardingProfileSetupView.swift in Sources */,
				7043AA4D2F380431001B37CE /* ServicesFirestoreService.swift in Sources */,
				C10000000000000B000000A1 /* ViewsRootView.swift in Sources */,
				C10000000000000D000000A1 /* ViewsMainTabView.swift in Sources */,
				C10000000000000F000000A1 /* ViewsMapView.swift in Sources */,
				C100000000000011000000A1 /* ViewsCreateRequestView.swift in Sources */,
				C100000000000013000000A1 /* SharedRequestCard.swift in Sources */,
				C100000000000015000000A1 /* ViewsFeedView.swift in Sources */,
				C100000000000017000000A1 /* ViewsActivityView.swift in Sources */,
				C100000000000019000000A1 /* ViewsRequestDetailView.swift in Sources */,
				C10000000000001B000000A1 /* ViewsOfferSheet.swift in Sources */,
				C10000000000001D000000A1 /* ViewsNegotiationHistoryView.swift in Sources */,
				C10000000000001F000000A1 /* ViewsChatView.swift in Sources */,
				C100000000000021000000A1 /* ViewsChatListView.swift in Sources */,
				C100000000000023000000A1 /* SharedFeeBreakdownView.swift in Sources */,
				C100000000000025000000A1 /* ViewsCompletionView.swift in Sources */,
				C100000000000027000000A1 /* ViewsProfileView.swift in Sources */,
				C100000000000029000000A1 /* ViewsSettingsView.swift in Sources */,
				C10000000000002B000000A1 /* ViewsTransactionHistoryView.swift in Sources */,
				C100000000000037000000A1 /* ServicesAuthService.swift in Sources */,
				C100000000000039000000A1 /* ViewsOnboardingSignInView.swift in Sources */,
				7043AA492F37FDBA001B37CE /* ViewsPaymentView.swift in Sources */,
				7043AA4A2F37FDBA001B37CE /* ViewsSellerOnboardingView.swift in Sources */,
				7043AA4B2F37FDBA001B37CE /* ServicesStripeService.swift in Sources */,
			);
			runOnlyForDeploymentPostprocessing = 0;
		};
/* End PBXSourcesBuildPhase section */

/* Begin XCBuildConfiguration section */
		70FE7E3E2F35938D00045277 /* Debug */ = {
			isa = XCBuildConfiguration;
			buildSettings = {
				ALWAYS_SEARCH_USER_PATHS = NO;
				ASSETCATALOG_COMPILER_GENERATE_SWIFT_ASSET_SYMBOL_EXTENSIONS = YES;
				CLANG_ANALYZER_NONNULL = YES;
				CLANG_ANALYZER_NUMBER_OBJECT_CONVERSION = YES_AGGRESSIVE;
				CLANG_CXX_LANGUAGE_STANDARD = "gnu++20";
				CLANG_ENABLE_MODULES = YES;
				CLANG_ENABLE_OBJC_ARC = YES;
				CLANG_ENABLE_OBJC_WEAK = YES;
				CLANG_WARN_BLOCK_CAPTURE_AUTORELEASING = YES;
				CLANG_WARN_BOOL_CONVERSION = YES;
				CLANG_WARN_COMMA = YES;
				CLANG_WARN_CONSTANT_CONVERSION = YES;
				CLANG_WARN_DEPRECATED_OBJC_IMPLEMENTATIONS = YES;
				CLANG_WARN_DIRECT_OBJC_ISA_USAGE = YES_ERROR;
				CLANG_WARN_DOCUMENTATION_COMMENTS = YES;
				CLANG_WARN_EMPTY_BODY = YES;
				CLANG_WARN_ENUM_CONVERSION = YES;
				CLANG_WARN_INFINITE_RECURSION = YES;
				CLANG_WARN_INT_CONVERSION = YES;
				CLANG_WARN_NON_LITERAL_NULL_CONVERSION = YES;
				CLANG_WARN_OBJC_IMPLICIT_RETAIN_SELF = YES;
				CLANG_WARN_OBJC_LITERAL_CONVERSION = YES;
				CLANG_WARN_OBJC_ROOT_CLASS = YES_ERROR;
				CLANG_WARN_QUOTED_INCLUDE_IN_FRAMEWORK_HEADER = YES;
				CLANG_WARN_RANGE_LOOP_ANALYSIS = YES;
				CLANG_WARN_STRICT_PROTOTYPES = YES;
				CLANG_WARN_SUSPICIOUS_MOVE = YES;
				CLANG_WARN_UNGUARDED_AVAILABILITY = YES_AGGRESSIVE;
				CLANG_WARN_UNREACHABLE_CODE = YES;
				CLANG_WARN__DUPLICATE_METHOD_MATCH = YES;
				COPY_PHASE_STRIP = NO;
				DEBUG_INFORMATION_FORMAT = dwarf;
				ENABLE_STRICT_OBJC_MSGSEND = YES;
				ENABLE_TESTABILITY = YES;
				ENABLE_USER_SCRIPT_SANDBOXING = YES;
				GCC_C_LANGUAGE_STANDARD = gnu17;
				GCC_DYNAMIC_NO_PIC = NO;
				GCC_NO_COMMON_BLOCKS = YES;
				GCC_OPTIMIZATION_LEVEL = 0;
				GCC_PREPROCESSOR_DEFINITIONS = (
					"DEBUG=1",
					"$(inherited)",
				);
				GCC_WARN_64_TO_32_BIT_CONVERSION = YES;
				GCC_WARN_ABOUT_RETURN_TYPE = YES_ERROR;
				GCC_WARN_UNDECLARED_SELECTOR = YES;
				GCC_WARN_UNINITIALIZED_AUTOS = YES_AGGRESSIVE;
				GCC_WARN_UNUSED_FUNCTION = YES;
				GCC_WARN_UNUSED_VARIABLE = YES;
				LOCALIZATION_PREFERS_STRING_CATALOGS = YES;
				MTL_ENABLE_DEBUG_INFO = INCLUDE_SOURCE;
				MTL_FAST_MATH = YES;
				ONLY_ACTIVE_ARCH = YES;
				SWIFT_ACTIVE_COMPILATION_CONDITIONS = "DEBUG $(inherited)";
				SWIFT_OPTIMIZATION_LEVEL = "-Onone";
			};
			name = Debug;
		};
		70FE7E3F2F35938D00045277 /* Release */ = {
			isa = XCBuildConfiguration;
			buildSettings = {
				ALWAYS_SEARCH_USER_PATHS = NO;
				ASSETCATALOG_COMPILER_GENERATE_SWIFT_ASSET_SYMBOL_EXTENSIONS = YES;
				CLANG_ANALYZER_NONNULL = YES;
				CLANG_ANALYZER_NUMBER_OBJECT_CONVERSION = YES_AGGRESSIVE;
				CLANG_CXX_LANGUAGE_STANDARD = "gnu++20";
				CLANG_ENABLE_MODULES = YES;
				CLANG_ENABLE_OBJC_ARC = YES;
				CLANG_ENABLE_OBJC_WEAK = YES;
				CLANG_WARN_BLOCK_CAPTURE_AUTORELEASING = YES;
				CLANG_WARN_BOOL_CONVERSION = YES;
				CLANG_WARN_COMMA = YES;
				CLANG_WARN_CONSTANT_CONVERSION = YES;
				CLANG_WARN_DEPRECATED_OBJC_IMPLEMENTATIONS = YES;
				CLANG_WARN_DIRECT_OBJC_ISA_USAGE = YES_ERROR;
				CLANG_WARN_DOCUMENTATION_COMMENTS = YES;
				CLANG_WARN_EMPTY_BODY = YES;
				CLANG_WARN_ENUM_CONVERSION = YES;
				CLANG_WARN_INFINITE_RECURSION = YES;
				CLANG_WARN_INT_CONVERSION = YES;
				CLANG_WARN_NON_LITERAL_NULL_CONVERSION = YES;
				CLANG_WARN_OBJC_IMPLICIT_RETAIN_SELF = YES;
				CLANG_WARN_OBJC_LITERAL_CONVERSION = YES;
				CLANG_WARN_OBJC_ROOT_CLASS = YES_ERROR;
				CLANG_WARN_QUOTED_INCLUDE_IN_FRAMEWORK_HEADER = YES;
				CLANG_WARN_RANGE_LOOP_ANALYSIS = YES;
				CLANG_WARN_STRICT_PROTOTYPES = YES;
				CLANG_WARN_SUSPICIOUS_MOVE = YES;
				CLANG_WARN_UNGUARDED_AVAILABILITY = YES_AGGRESSIVE;
				CLANG_WARN_UNREACHABLE_CODE = YES;
				CLANG_WARN__DUPLICATE_METHOD_MATCH = YES;
				COPY_PHASE_STRIP = NO;
				DEBUG_INFORMATION_FORMAT = "dwarf-with-dsym";
				ENABLE_NS_ASSERTIONS = NO;
				ENABLE_STRICT_OBJC_MSGSEND = YES;
				ENABLE_USER_SCRIPT_SANDBOXING = YES;
				GCC_C_LANGUAGE_STANDARD = gnu17;
				GCC_NO_COMMON_BLOCKS = YES;
				GCC_WARN_64_TO_32_BIT_CONVERSION = YES;
				GCC_WARN_ABOUT_RETURN_TYPE = YES_ERROR;
				GCC_WARN_UNDECLARED_SELECTOR = YES;
				GCC_WARN_UNINITIALIZED_AUTOS = YES_AGGRESSIVE;
				GCC_WARN_UNUSED_FUNCTION = YES;
				GCC_WARN_UNUSED_VARIABLE = YES;
				LOCALIZATION_PREFERS_STRING_CATALOGS = YES;
				MTL_ENABLE_DEBUG_INFO = NO;
				MTL_FAST_MATH = YES;
				SWIFT_COMPILATION_MODE = wholemodule;
			};
			name = Release;
		};
		70FE7E412F35938D00045277 /* Debug */ = {
			isa = XCBuildConfiguration;
			buildSettings = {
				ASSETCATALOG_COMPILER_APPICON_NAME = AppIcon;
				ASSETCATALOG_COMPILER_GLOBAL_ACCENT_COLOR_NAME = AccentColor;
				CODE_SIGN_STYLE = Automatic;
				CURRENT_PROJECT_VERSION = 1;
				ENABLE_APP_SANDBOX = YES;
				ENABLE_PREVIEWS = YES;
				ENABLE_USER_SELECTED_FILES = readonly;
				GENERATE_INFOPLIST_FILE = NO;
				INFOPLIST_FILE = Info.plist;
				"INFOPLIST_KEY_UIApplicationSceneManifest_Generation[sdk=iphoneos*]" = YES;
				"INFOPLIST_KEY_UIApplicationSceneManifest_Generation[sdk=iphonesimulator*]" = YES;
				"INFOPLIST_KEY_UIApplicationSupportsIndirectInputEvents[sdk=iphoneos*]" = YES;
				"INFOPLIST_KEY_UIApplicationSupportsIndirectInputEvents[sdk=iphonesimulator*]" = YES;
				"INFOPLIST_KEY_UILaunchScreen_Generation[sdk=iphoneos*]" = YES;
				"INFOPLIST_KEY_UILaunchScreen_Generation[sdk=iphonesimulator*]" = YES;
				"INFOPLIST_KEY_UIStatusBarStyle[sdk=iphoneos*]" = UIStatusBarStyleDefault;
				"INFOPLIST_KEY_UIStatusBarStyle[sdk=iphonesimulator*]" = UIStatusBarStyleDefault;
				INFOPLIST_KEY_UISupportedInterfaceOrientations_iPad = "UIInterfaceOrientationPortrait UIInterfaceOrientationPortraitUpsideDown UIInterfaceOrientationLandscapeLeft UIInterfaceOrientationLandscapeRight";
				INFOPLIST_KEY_UISupportedInterfaceOrientations_iPhone = "UIInterfaceOrientationPortrait UIInterfaceOrientationLandscapeLeft UIInterfaceOrientationLandscapeRight";
				IPHONEOS_DEPLOYMENT_TARGET = 26.2;
				LD_RUNPATH_SEARCH_PATHS = "@executable_path/Frameworks";
				MARKETING_VERSION = 1.0;
				PRODUCT_BUNDLE_IDENTIFIER = "Alec.Flour-mach2";
				PRODUCT_NAME = "$(TARGET_NAME)";
				REGISTER_APP_GROUPS = YES;
				SDKROOT = iphoneos;
				STRING_CATALOG_GENERATE_SYMBOLS = YES;
				SUPPORTED_PLATFORMS = "iphoneos iphonesimulator";
				SWIFT_APPROACHABLE_CONCURRENCY = YES;
				SWIFT_DEFAULT_ACTOR_ISOLATION = MainActor;
				SWIFT_EMIT_LOC_STRINGS = YES;
				SWIFT_UPCOMING_FEATURE_MEMBER_IMPORT_VISIBILITY = YES;
				SWIFT_VERSION = 5.0;
				TARGETED_DEVICE_FAMILY = "1,2";
			};
			name = Debug;
		};
		70FE7E422F35938D00045277 /* Release */ = {
			isa = XCBuildConfiguration;
			buildSettings = {
				ASSETCATALOG_COMPILER_APPICON_NAME = AppIcon;
				ASSETCATALOG_COMPILER_GLOBAL_ACCENT_COLOR_NAME = AccentColor;
				CODE_SIGN_STYLE = Automatic;
				CURRENT_PROJECT_VERSION = 1;
				ENABLE_APP_SANDBOX = YES;
				ENABLE_PREVIEWS = YES;
				ENABLE_USER_SELECTED_FILES = readonly;
				GENERATE_INFOPLIST_FILE = NO;
				INFOPLIST_FILE = Info.plist;
				"INFOPLIST_KEY_UIApplicationSceneManifest_Generation[sdk=iphoneos*]" = YES;
				"INFOPLIST_KEY_UIApplicationSceneManifest_Generation[sdk=iphonesimulator*]" = YES;
				"INFOPLIST_KEY_UIApplicationSupportsIndirectInputEvents[sdk=iphoneos*]" = YES;
				"INFOPLIST_KEY_UIApplicationSupportsIndirectInputEvents[sdk=iphonesimulator*]" = YES;
				"INFOPLIST_KEY_UILaunchScreen_Generation[sdk=iphoneos*]" = YES;
				"INFOPLIST_KEY_UILaunchScreen_Generation[sdk=iphonesimulator*]" = YES;
				"INFOPLIST_KEY_UIStatusBarStyle[sdk=iphoneos*]" = UIStatusBarStyleDefault;
				"INFOPLIST_KEY_UIStatusBarStyle[sdk=iphonesimulator*]" = UIStatusBarStyleDefault;
				INFOPLIST_KEY_UISupportedInterfaceOrientations_iPad = "UIInterfaceOrientationPortrait UIInterfaceOrientationPortraitUpsideDown UIInterfaceOrientationLandscapeLeft UIInterfaceOrientationLandscapeRight";
				INFOPLIST_KEY_UISupportedInterfaceOrientations_iPhone = "UIInterfaceOrientationPortrait UIInterfaceOrientationLandscapeLeft UIInterfaceOrientationLandscapeRight";
				IPHONEOS_DEPLOYMENT_TARGET = 26.2;
				LD_RUNPATH_SEARCH_PATHS = "@executable_path/Frameworks";
				MARKETING_VERSION = 1.0;
				PRODUCT_BUNDLE_IDENTIFIER = "Alec.Flour-mach2";
				PRODUCT_NAME = "$(TARGET_NAME)";
				REGISTER_APP_GROUPS = YES;
				SDKROOT = iphoneos;
				STRING_CATALOG_GENERATE_SYMBOLS = YES;
				SUPPORTED_PLATFORMS = "iphoneos iphonesimulator";
				SWIFT_APPROACHABLE_CONCURRENCY = YES;
				SWIFT_DEFAULT_ACTOR_ISOLATION = MainActor;
				SWIFT_EMIT_LOC_STRINGS = YES;
				SWIFT_UPCOMING_FEATURE_MEMBER_IMPORT_VISIBILITY = YES;
				SWIFT_VERSION = 5.0;
				TARGETED_DEVICE_FAMILY = "1,2";
			};
			name = Release;
		};
/* End XCBuildConfiguration section */

/* Begin XCConfigurationList section */
		70FE7E302F35938700045277 /* Build configuration list for PBXProject "Flour_mach2" */ = {
			isa = XCConfigurationList;
			buildConfigurations = (
				70FE7E3E2F35938D00045277 /* Debug */,
				70FE7E3F2F35938D00045277 /* Release */,
			);
			defaultConfigurationIsVisible = 0;
			defaultConfigurationName = Release;
		};
		70FE7E402F35938D00045277 /* Build configuration list for PBXNativeTarget "Flour_mach2" */ = {
			isa = XCConfigurationList;
			buildConfigurations = (
				70FE7E412F35938D00045277 /* Debug */,
				70FE7E422F35938D00045277 /* Release */,
			);
			defaultConfigurationIsVisible = 0;
			defaultConfigurationName = Release;
		};
/* End XCConfigurationList section */

/* Begin XCRemoteSwiftPackageReference section */
		7043AA152F370106001B37CE /* XCRemoteSwiftPackageReference "firebase-ios-sdk" */ = {
			isa = XCRemoteSwiftPackageReference;
			repositoryURL = "https://github.com/firebase/firebase-ios-sdk";
			requirement = {
				kind = upToNextMajorVersion;
				minimumVersion = 12.9.0;
			};
		};
/* End XCRemoteSwiftPackageReference section */

/* Begin XCSwiftPackageProductDependency section */
		7043AA1E2F37FD45001B37CE /* FirebaseAI */ = {
			isa = XCSwiftPackageProductDependency;
			package = 7043AA152F370106001B37CE /* XCRemoteSwiftPackageReference "firebase-ios-sdk" */;
			productName = FirebaseAI;
		};
		7043AA202F37FD45001B37CE /* FirebaseAILogic */ = {
			isa = XCSwiftPackageProductDependency;
			package = 7043AA152F370106001B37CE /* XCRemoteSwiftPackageReference "firebase-ios-sdk" */;
			productName = FirebaseAILogic;
		};
		7043AA222F37FD45001B37CE /* FirebaseAnalytics */ = {
			isa = XCSwiftPackageProductDependency;
			package = 7043AA152F370106001B37CE /* XCRemoteSwiftPackageReference "firebase-ios-sdk" */;
			productName = FirebaseAnalytics;
		};
		7043AA242F37FD45001B37CE /* FirebaseAnalyticsCore */ = {
			isa = XCSwiftPackageProductDependency;
			package = 7043AA152F370106001B37CE /* XCRemoteSwiftPackageReference "firebase-ios-sdk" */;
			productName = FirebaseAnalyticsCore;
		};
		7043AA262F37FD45001B37CE /* FirebaseAnalyticsIdentitySupport */ = {
			isa = XCSwiftPackageProductDependency;
			package = 7043AA152F370106001B37CE /* XCRemoteSwiftPackageReference "firebase-ios-sdk" */;
			productName = FirebaseAnalyticsIdentitySupport;
		};
		7043AA282F37FD45001B37CE /* FirebaseAppCheck */ = {
			isa = XCSwiftPackageProductDependency;
			package = 7043AA152F370106001B37CE /* XCRemoteSwiftPackageReference "firebase-ios-sdk" */;
			productName = FirebaseAppCheck;
		};
		7043AA2A2F37FD45001B37CE /* FirebaseAppDistribution-Beta */ = {
			isa = XCSwiftPackageProductDependency;
			package = 7043AA152F370106001B37CE /* XCRemoteSwiftPackageReference "firebase-ios-sdk" */;
			productName = "FirebaseAppDistribution-Beta";
		};
		7043AA2C2F37FD45001B37CE /* FirebaseAuthCombine-Community */ = {
			isa = XCSwiftPackageProductDependency;
			package = 7043AA152F370106001B37CE /* XCRemoteSwiftPackageReference "firebase-ios-sdk" */;
			productName = "FirebaseAuthCombine-Community";
		};
		7043AA2E2F37FD45001B37CE /* FirebaseCrashlytics */ = {
			isa = XCSwiftPackageProductDependency;
			package = 7043AA152F370106001B37CE /* XCRemoteSwiftPackageReference "firebase-ios-sdk" */;
			productName = FirebaseCrashlytics;
		};
		7043AA302F37FD45001B37CE /* FirebaseDatabase */ = {
			isa = XCSwiftPackageProductDependency;
			package = 7043AA152F370106001B37CE /* XCRemoteSwiftPackageReference "firebase-ios-sdk" */;
			productName = FirebaseDatabase;
		};
		7043AA322F37FD45001B37CE /* FirebaseFirestoreCombine-Community */ = {
			isa = XCSwiftPackageProductDependency;
			package = 7043AA152F370106001B37CE /* XCRemoteSwiftPackageReference "firebase-ios-sdk" */;
			productName = "FirebaseFirestoreCombine-Community";
		};
		7043AA342F37FD45001B37CE /* FirebaseFunctions */ = {
			isa = XCSwiftPackageProductDependency;
			package = 7043AA152F370106001B37CE /* XCRemoteSwiftPackageReference "firebase-ios-sdk" */;
			productName = FirebaseFunctions;
		};
		7043AA362F37FD45001B37CE /* FirebaseFunctionsCombine-Community */ = {
			isa = XCSwiftPackageProductDependency;
			package = 7043AA152F370106001B37CE /* XCRemoteSwiftPackageReference "firebase-ios-sdk" */;
			productName = "FirebaseFunctionsCombine-Community";
		};
		7043AA382F37FD45001B37CE /* FirebaseInAppMessaging-Beta */ = {
			isa = XCSwiftPackageProductDependency;
			package = 7043AA152F370106001B37CE /* XCRemoteSwiftPackageReference "firebase-ios-sdk" */;
			productName = "FirebaseInAppMessaging-Beta";
		};
		7043AA3A2F37FD45001B37CE /* FirebaseInstallations */ = {
			isa = XCSwiftPackageProductDependency;
			package = 7043AA152F370106001B37CE /* XCRemoteSwiftPackageReference "firebase-ios-sdk" */;
			productName = FirebaseInstallations;
		};
		7043AA3C2F37FD45001B37CE /* FirebaseMLModelDownloader */ = {
			isa = XCSwiftPackageProductDependency;
			package = 7043AA152F370106001B37CE /* XCRemoteSwiftPackageReference "firebase-ios-sdk" */;
			productName = FirebaseMLModelDownloader;
		};
		7043AA3E2F37FD45001B37CE /* FirebasePerformance */ = {
			isa = XCSwiftPackageProductDependency;
			package = 7043AA152F370106001B37CE /* XCRemoteSwiftPackageReference "firebase-ios-sdk" */;
			productName = FirebasePerformance;
		};
		7043AA402F37FD45001B37CE /* FirebaseRemoteConfig */ = {
			isa = XCSwiftPackageProductDependency;
			package = 7043AA152F370106001B37CE /* XCRemoteSwiftPackageReference "firebase-ios-sdk" */;
			productName = FirebaseRemoteConfig;
		};
		7043AA422F37FD45001B37CE /* FirebaseStorage */ = {
			isa = XCSwiftPackageProductDependency;
			package = 7043AA152F370106001B37CE /* XCRemoteSwiftPackageReference "firebase-ios-sdk" */;
			productName = FirebaseStorage;
		};
		7043AA442F37FD45001B37CE /* FirebaseStorageCombine-Community */ = {
			isa = XCSwiftPackageProductDependency;
			package = 7043AA152F370106001B37CE /* XCRemoteSwiftPackageReference "firebase-ios-sdk" */;
			productName = "FirebaseStorageCombine-Community";
		};
		C10000000000002F000000A0 /* FirebaseCore */ = {
			isa = XCSwiftPackageProductDependency;
			package = 7043AA152F370106001B37CE /* XCRemoteSwiftPackageReference "firebase-ios-sdk" */;
			productName = FirebaseCore;
		};
		C100000000000031000000A0 /* FirebaseAuth */ = {
			isa = XCSwiftPackageProductDependency;
			package = 7043AA152F370106001B37CE /* XCRemoteSwiftPackageReference "firebase-ios-sdk" */;
			productName = FirebaseAuth;
		};
		C100000000000033000000A0 /* FirebaseFirestore */ = {
			isa = XCSwiftPackageProductDependency;
			package = 7043AA152F370106001B37CE /* XCRemoteSwiftPackageReference "firebase-ios-sdk" */;
			productName = FirebaseFirestore;
		};
		C100000000000035000000A0 /* FirebaseMessaging */ = {
			isa = XCSwiftPackageProductDependency;
			package = 7043AA152F370106001B37CE /* XCRemoteSwiftPackageReference "firebase-ios-sdk" */;
			productName = FirebaseMessaging;
		};
/* End XCSwiftPackageProductDependency section */
	};
	rootObject = 70FE7E2D2F35938700045277 /* Project object */;
}
